
Microsoft Visual Studio Solution File, Format Version 12.00
# Visual Studio Version 16
VisualStudioVersion = 16.0.30114.105
MinimumVisualStudioVersion = 10.0.40219.1
Project("{0B642D9E-5BE5-47D8-9F3B-3BA235DC311B}") = "SingularityDrives", "SingularityDrives\SingularityDrives.csproj", "{B5DA13A2-A777-4908-9F70-7F99E23C8E6C}"
EndProject
Project("{0B642D9E-5BE5-47D8-9F3B-3BA235DC311B}") = "Libplanet.Headless", "Libplanet.Headless\Libplanet.Headless.csproj", "{15C02989-4550-4E2C-98DC-76599A9786C8}"
EndProject
Project("{FAE04EC0-301F-11D3-BF4B-00C04F79EFBC}") = "LibTopless", "LibTopless\LibTopless.csproj", "{CCDB70B0-63E7-470C-8D2D-DF2BF6A07828}"
EndProject
Project("{FAE04EC0-301F-11D3-BF4B-00C04F79EFBC}") = "Libplanet", "libplanet\Libplanet\Libplanet.csproj", "{9E595DA2-560C-4D17-9663-828E54F65FED}"
EndProject
Global
	GlobalSection(SolutionConfigurationPlatforms) = preSolution
		Debug|Any CPU = Debug|Any CPU
		Release|Any CPU = Release|Any CPU
	EndGlobalSection
	GlobalSection(SolutionProperties) = preSolution
		HideSolutionNode = FALSE
	EndGlobalSection
	GlobalSection(ProjectConfigurationPlatforms) = postSolution
		{B5DA13A2-A777-4908-9F70-7F99E23C8E6C}.Debug|Any CPU.ActiveCfg = Debug|Any CPU
		{B5DA13A2-A777-4908-9F70-7F99E23C8E6C}.Debug|Any CPU.Build.0 = Debug|Any CPU
		{B5DA13A2-A777-4908-9F70-7F99E23C8E6C}.Release|Any CPU.ActiveCfg = Release|Any CPU
		{B5DA13A2-A777-4908-9F70-7F99E23C8E6C}.Release|Any CPU.Build.0 = Release|Any CPU
		{15C02989-4550-4E2C-98DC-76599A9786C8}.Debug|Any CPU.ActiveCfg = Debug|Any CPU
		{15C02989-4550-4E2C-98DC-76599A9786C8}.Debug|Any CPU.Build.0 = Debug|Any CPU
		{15C02989-4550-4E2C-98DC-76599A9786C8}.Release|Any CPU.ActiveCfg = Release|Any CPU
		{15C02989-4550-4E2C-98DC-76599A9786C8}.Release|Any CPU.Build.0 = Release|Any CPU
		{CCDB70B0-63E7-470C-8D2D-DF2BF6A07828}.Debug|Any CPU.ActiveCfg = Debug|Any CPU
		{CCDB70B0-63E7-470C-8D2D-DF2BF6A07828}.Debug|Any CPU.Build.0 = Debug|Any CPU
		{CCDB70B0-63E7-470C-8D2D-DF2BF6A07828}.Release|Any CPU.ActiveCfg = Release|Any CPU
		{CCDB70B0-63E7-470C-8D2D-DF2BF6A07828}.Release|Any CPU.Build.0 = Release|Any CPU
		{9E595DA2-560C-4D17-9663-828E54F65FED}.Debug|Any CPU.ActiveCfg = Debug|Any CPU
		{9E595DA2-560C-4D17-9663-828E54F65FED}.Debug|Any CPU.Build.0 = Debug|Any CPU
		{9E595DA2-560C-4D17-9663-828E54F65FED}.Release|Any CPU.ActiveCfg = Release|Any CPU
		{9E595DA2-560C-4D17-9663-828E54F65FED}.Release|Any CPU.Build.0 = Release|Any CPU
	EndGlobalSection
EndGlobal
